
Microsoft Visual Studio Solution File, Format Version 12.00
# Visual Studio Version 17
VisualStudioVersion = 17.11.35219.272
MinimumVisualStudioVersion = 10.0.40219.1
Project("{FAE04EC0-301F-11D3-BF4B-00C04F79EFBC}") = "Laboatorio81", "Laboatorio8\Laboatorio81.csproj", "{170A7EA8-5429-428B-BDA7-3B6175FB2B0A}"
EndProject
Project("{FAE04EC0-301F-11D3-BF4B-00C04F79EFBC}") = "Laboratorio82", "Laboratorio 9\Laboratorio82.csproj", "{C25725D0-8ECA-484F-B926-60F18275F84D}"
EndProject
Project("{FAE04EC0-301F-11D3-BF4B-00C04F79EFBC}") = "Laboratorio83", "Laboratorio83\Laboratorio83.csproj", "{667F7EF1-A0B2-413E-9F29-D7F042A18850}"
EndProject
Project("{FAE04EC0-301F-11D3-BF4B-00C04F79EFBC}") = "Laboratorio84", "Laboratorio84\Laboratorio84.csproj", "{409821BE-7B44-4786-A847-6EAFF6E4FE1E}"
EndProject
Global
	GlobalSection(SolutionConfigurationPlatforms) = preSolution
		Debug|Any CPU = Debug|Any CPU
		Release|Any CPU = Release|Any CPU
	EndGlobalSection
	GlobalSection(ProjectConfigurationPlatforms) = postSolution
		{170A7EA8-5429-428B-BDA7-3B6175FB2B0A}.Debug|Any CPU.ActiveCfg = Debug|Any CPU
		{170A7EA8-5429-428B-BDA7-3B6175FB2B0A}.Debug|Any CPU.Build.0 = Debug|Any CPU
		{170A7EA8-5429-428B-BDA7-3B6175FB2B0A}.Release|Any CPU.ActiveCfg = Release|Any CPU
		{170A7EA8-5429-428B-BDA7-3B6175FB2B0A}.Release|Any CPU.Build.0 = Release|Any CPU
		{C25725D0-8ECA-484F-B926-60F18275F84D}.Debug|Any CPU.ActiveCfg = Debug|Any CPU
		{C25725D0-8ECA-484F-B926-60F18275F84D}.Debug|Any CPU.Build.0 = Debug|Any CPU
		{C25725D0-8ECA-484F-B926-60F18275F84D}.Release|Any CPU.ActiveCfg = Release|Any CPU
		{C25725D0-8ECA-484F-B926-60F18275F84D}.Release|Any CPU.Build.0 = Release|Any CPU
		{667F7EF1-A0B2-413E-9F29-D7F042A18850}.Debug|Any CPU.ActiveCfg = Debug|Any CPU
		{667F7EF1-A0B2-413E-9F29-D7F042A18850}.Debug|Any CPU.Build.0 = Debug|Any CPU
		{667F7EF1-A0B2-413E-9F29-D7F042A18850}.Release|Any CPU.ActiveCfg = Release|Any CPU
		{667F7EF1-A0B2-413E-9F29-D7F042A18850}.Release|Any CPU.Build.0 = Release|Any CPU
		{409821BE-7B44-4786-A847-6EAFF6E4FE1E}.Debug|Any CPU.ActiveCfg = Debug|Any CPU
		{409821BE-7B44-4786-A847-6EAFF6E4FE1E}.Debug|Any CPU.Build.0 = Debug|Any CPU
		{409821BE-7B44-4786-A847-6EAFF6E4FE1E}.Release|Any CPU.ActiveCfg = Release|Any CPU
		{409821BE-7B44-4786-A847-6EAFF6E4FE1E}.Release|Any CPU.Build.0 = Release|Any CPU
	EndGlobalSection
	GlobalSection(SolutionProperties) = preSolution
		HideSolutionNode = FALSE
	EndGlobalSection
	GlobalSection(ExtensibilityGlobals) = postSolution
		SolutionGuid = {B9CA29C9-0F5C-4083-A5A1-B17E09C7CAA0}
	EndGlobalSection
EndGlobal
