
Microsoft Visual Studio Solution File, Format Version 12.00
# Visual Studio Version 17
VisualStudioVersion = 17.11.35219.272
MinimumVisualStudioVersion = 10.0.40219.1
Project("{FAE04EC0-301F-11D3-BF4B-00C04F79EFBC}") = "Laboratorio3", "Laboratorio3\Laboratorio3.csproj", "{0E15B1F6-208F-47B4-A6E8-DAB6C3C7B1C9}"
EndProject
Global
	GlobalSection(SolutionConfigurationPlatforms) = preSolution
		Debug|Any CPU = Debug|Any CPU
		Release|Any CPU = Release|Any CPU
	EndGlobalSection
	GlobalSection(ProjectConfigurationPlatforms) = postSolution
		{0E15B1F6-208F-47B4-A6E8-DAB6C3C7B1C9}.Debug|Any CPU.ActiveCfg = Debug|Any CPU
		{0E15B1F6-208F-47B4-A6E8-DAB6C3C7B1C9}.Debug|Any CPU.Build.0 = Debug|Any CPU
		{0E15B1F6-208F-47B4-A6E8-DAB6C3C7B1C9}.Release|Any CPU.ActiveCfg = Release|Any CPU
		{0E15B1F6-208F-47B4-A6E8-DAB6C3C7B1C9}.Release|Any CPU.Build.0 = Release|Any CPU
	EndGlobalSection
	GlobalSection(SolutionProperties) = preSolution
		HideSolutionNode = FALSE
	EndGlobalSection
	GlobalSection(ExtensibilityGlobals) = postSolution
		SolutionGuid = {8C541F96-3073-4C98-8511-0D01F6C3481E}
	EndGlobalSection
EndGlobal
