
Microsoft Visual Studio Solution File, Format Version 12.00
# Visual Studio Version 17
VisualStudioVersion = 17.14.36414.22 d17.14
MinimumVisualStudioVersion = 10.0.40219.1
Project("{FAE04EC0-301F-11D3-BF4B-00C04F79EFBC}") = "Laboratorio 8", "Laboratorio 8.csproj", "{D469EC24-D862-4D25-953A-5F753866FD43}"
EndProject
Project("{FAE04EC0-301F-11D3-BF4B-00C04F79EFBC}") = "Laboratorio 81", "Laboratorio 81\Laboratorio 81.csproj", "{AE9FD60B-1F3B-4600-A9F3-6B0A8A10B227}"
EndProject
Project("{FAE04EC0-301F-11D3-BF4B-00C04F79EFBC}") = "Laboratorio 82", "Laboratorio 82\Laboratorio 82.csproj", "{94AE4C15-CEEC-4477-B6FE-692DD93C1622}"
EndProject
Project("{FAE04EC0-301F-11D3-BF4B-00C04F79EFBC}") = "Laboratorio 83", "Laboratorio 83\Laboratorio 83.csproj", "{C9F121E3-B9A1-47E9-9ACC-0AA7BAEE943B}"
EndProject
Project("{FAE04EC0-301F-11D3-BF4B-00C04F79EFBC}") = "Laboratorio 84", "Laboratorio 84\Laboratorio 84.csproj", "{4092A8AA-140E-4F74-AFA0-E91FEA7048BF}"
EndProject
Global
	GlobalSection(SolutionConfigurationPlatforms) = preSolution
		Debug|Any CPU = Debug|Any CPU
		Release|Any CPU = Release|Any CPU
	EndGlobalSection
	GlobalSection(ProjectConfigurationPlatforms) = postSolution
		{D469EC24-D862-4D25-953A-5F753866FD43}.Debug|Any CPU.ActiveCfg = Debug|Any CPU
		{D469EC24-D862-4D25-953A-5F753866FD43}.Debug|Any CPU.Build.0 = Debug|Any CPU
		{D469EC24-D862-4D25-953A-5F753866FD43}.Release|Any CPU.ActiveCfg = Release|Any CPU
		{D469EC24-D862-4D25-953A-5F753866FD43}.Release|Any CPU.Build.0 = Release|Any CPU
		{AE9FD60B-1F3B-4600-A9F3-6B0A8A10B227}.Debug|Any CPU.ActiveCfg = Debug|Any CPU
		{AE9FD60B-1F3B-4600-A9F3-6B0A8A10B227}.Debug|Any CPU.Build.0 = Debug|Any CPU
		{AE9FD60B-1F3B-4600-A9F3-6B0A8A10B227}.Release|Any CPU.ActiveCfg = Release|Any CPU
		{AE9FD60B-1F3B-4600-A9F3-6B0A8A10B227}.Release|Any CPU.Build.0 = Release|Any CPU
		{94AE4C15-CEEC-4477-B6FE-692DD93C1622}.Debug|Any CPU.ActiveCfg = Debug|Any CPU
		{94AE4C15-CEEC-4477-B6FE-692DD93C1622}.Debug|Any CPU.Build.0 = Debug|Any CPU
		{94AE4C15-CEEC-4477-B6FE-692DD93C1622}.Release|Any CPU.ActiveCfg = Release|Any CPU
		{94AE4C15-CEEC-4477-B6FE-692DD93C1622}.Release|Any CPU.Build.0 = Release|Any CPU
		{C9F121E3-B9A1-47E9-9ACC-0AA7BAEE943B}.Debug|Any CPU.ActiveCfg = Debug|Any CPU
		{C9F121E3-B9A1-47E9-9ACC-0AA7BAEE943B}.Debug|Any CPU.Build.0 = Debug|Any CPU
		{C9F121E3-B9A1-47E9-9ACC-0AA7BAEE943B}.Release|Any CPU.ActiveCfg = Release|Any CPU
		{C9F121E3-B9A1-47E9-9ACC-0AA7BAEE943B}.Release|Any CPU.Build.0 = Release|Any CPU
		{4092A8AA-140E-4F74-AFA0-E91FEA7048BF}.Debug|Any CPU.ActiveCfg = Debug|Any CPU
		{4092A8AA-140E-4F74-AFA0-E91FEA7048BF}.Debug|Any CPU.Build.0 = Debug|Any CPU
		{4092A8AA-140E-4F74-AFA0-E91FEA7048BF}.Release|Any CPU.ActiveCfg = Release|Any CPU
		{4092A8AA-140E-4F74-AFA0-E91FEA7048BF}.Release|Any CPU.Build.0 = Release|Any CPU
	EndGlobalSection
	GlobalSection(SolutionProperties) = preSolution
		HideSolutionNode = FALSE
	EndGlobalSection
	GlobalSection(ExtensibilityGlobals) = postSolution
		SolutionGuid = {A83B8205-B00C-4D2D-AAD0-5FC2A5B02DE3}
	EndGlobalSection
EndGlobal
