
Microsoft Visual Studio Solution File, Format Version 12.00
# Visual Studio Version 17
VisualStudioVersion = 17.14.36414.22 d17.14
MinimumVisualStudioVersion = 10.0.40219.1
Project("{FAE04EC0-301F-11D3-BF4B-00C04F79EFBC}") = "Laboratorio 18", "Laboratorio 18\Laboratorio 18.csproj", "{DDE67587-8B13-41E9-B9AC-C1616077AB42}"
EndProject
Global
	GlobalSection(SolutionConfigurationPlatforms) = preSolution
		Debug|Any CPU = Debug|Any CPU
		Release|Any CPU = Release|Any CPU
	EndGlobalSection
	GlobalSection(ProjectConfigurationPlatforms) = postSolution
		{DDE67587-8B13-41E9-B9AC-C1616077AB42}.Debug|Any CPU.ActiveCfg = Debug|Any CPU
		{DDE67587-8B13-41E9-B9AC-C1616077AB42}.Debug|Any CPU.Build.0 = Debug|Any CPU
		{DDE67587-8B13-41E9-B9AC-C1616077AB42}.Release|Any CPU.ActiveCfg = Release|Any CPU
		{DDE67587-8B13-41E9-B9AC-C1616077AB42}.Release|Any CPU.Build.0 = Release|Any CPU
	EndGlobalSection
	GlobalSection(SolutionProperties) = preSolution
		HideSolutionNode = FALSE
	EndGlobalSection
	GlobalSection(ExtensibilityGlobals) = postSolution
		SolutionGuid = {329ACE25-1EAF-4BCC-B634-2EF30E30AFA8}
	EndGlobalSection
EndGlobal
