
Microsoft Visual Studio Solution File, Format Version 12.00
# Visual Studio Version 17
VisualStudioVersion = 17.14.36414.22 d17.14
MinimumVisualStudioVersion = 10.0.40219.1
Project("{FAE04EC0-301F-11D3-BF4B-00C04F79EFBC}") = "FlashcardsApp", "FlashcardsApp\FlashcardsApp.csproj", "{F0E532C5-C9ED-44A6-A3CD-AADA8A49D64F}"
EndProject
Global
	GlobalSection(SolutionConfigurationPlatforms) = preSolution
		Debug|Any CPU = Debug|Any CPU
		Release|Any CPU = Release|Any CPU
	EndGlobalSection
	GlobalSection(ProjectConfigurationPlatforms) = postSolution
		{F0E532C5-C9ED-44A6-A3CD-AADA8A49D64F}.Debug|Any CPU.ActiveCfg = Debug|Any CPU
		{F0E532C5-C9ED-44A6-A3CD-AADA8A49D64F}.Debug|Any CPU.Build.0 = Debug|Any CPU
		{F0E532C5-C9ED-44A6-A3CD-AADA8A49D64F}.Release|Any CPU.ActiveCfg = Release|Any CPU
		{F0E532C5-C9ED-44A6-A3CD-AADA8A49D64F}.Release|Any CPU.Build.0 = Release|Any CPU
	EndGlobalSection
	GlobalSection(SolutionProperties) = preSolution
		HideSolutionNode = FALSE
	EndGlobalSection
	GlobalSection(ExtensibilityGlobals) = postSolution
		SolutionGuid = {9F81EB29-8B88-446F-AC2B-E97F012AC6A0}
	EndGlobalSection
EndGlobal
