
Microsoft Visual Studio Solution File, Format Version 12.00
# Visual Studio Version 17
VisualStudioVersion = 17.14.36414.22 d17.14
MinimumVisualStudioVersion = 10.0.40219.1
Project("{FAE04EC0-301F-11D3-BF4B-00C04F79EFBC}") = "Parcial1", "Parcial1.csproj", "{262CBB31-2B7F-4BF8-930E-37E55BE84C3B}"
EndProject
Global
	GlobalSection(SolutionConfigurationPlatforms) = preSolution
		Debug|Any CPU = Debug|Any CPU
		Release|Any CPU = Release|Any CPU
	EndGlobalSection
	GlobalSection(ProjectConfigurationPlatforms) = postSolution
		{262CBB31-2B7F-4BF8-930E-37E55BE84C3B}.Debug|Any CPU.ActiveCfg = Debug|Any CPU
		{262CBB31-2B7F-4BF8-930E-37E55BE84C3B}.Debug|Any CPU.Build.0 = Debug|Any CPU
		{262CBB31-2B7F-4BF8-930E-37E55BE84C3B}.Release|Any CPU.ActiveCfg = Release|Any CPU
		{262CBB31-2B7F-4BF8-930E-37E55BE84C3B}.Release|Any CPU.Build.0 = Release|Any CPU
	EndGlobalSection
	GlobalSection(SolutionProperties) = preSolution
		HideSolutionNode = FALSE
	EndGlobalSection
	GlobalSection(ExtensibilityGlobals) = postSolution
		SolutionGuid = {AEBCF819-D162-481D-A50E-1C842E2D1E99}
	EndGlobalSection
EndGlobal
