
Microsoft Visual Studio Solution File, Format Version 12.00
# Visual Studio Version 17
VisualStudioVersion = 17.11.35219.272
MinimumVisualStudioVersion = 10.0.40219.1
Project("{FAE04EC0-301F-11D3-BF4B-00C04F79EFBC}") = "Laboratorio 4", "Laboratorio 4\Laboratorio 4.csproj", "{8B7F70F7-5C15-4A33-98D5-456A3BF00269}"
EndProject
Global
	GlobalSection(SolutionConfigurationPlatforms) = preSolution
		Debug|Any CPU = Debug|Any CPU
		Release|Any CPU = Release|Any CPU
	EndGlobalSection
	GlobalSection(ProjectConfigurationPlatforms) = postSolution
		{8B7F70F7-5C15-4A33-98D5-456A3BF00269}.Debug|Any CPU.ActiveCfg = Debug|Any CPU
		{8B7F70F7-5C15-4A33-98D5-456A3BF00269}.Debug|Any CPU.Build.0 = Debug|Any CPU
		{8B7F70F7-5C15-4A33-98D5-456A3BF00269}.Release|Any CPU.ActiveCfg = Release|Any CPU
		{8B7F70F7-5C15-4A33-98D5-456A3BF00269}.Release|Any CPU.Build.0 = Release|Any CPU
	EndGlobalSection
	GlobalSection(SolutionProperties) = preSolution
		HideSolutionNode = FALSE
	EndGlobalSection
	GlobalSection(ExtensibilityGlobals) = postSolution
		SolutionGuid = {547B9B22-91A5-41A6-8940-60480158A0AF}
	EndGlobalSection
EndGlobal
