
Microsoft Visual Studio Solution File, Format Version 12.00
# Visual Studio Version 17
VisualStudioVersion = 17.14.36414.22
MinimumVisualStudioVersion = 10.0.40219.1
Project("{FAE04EC0-301F-11D3-BF4B-00C04F79EFBC}") = "Laboratorio 4", "Laboratorio 4.csproj", "{0874BA8B-B5F3-451A-9B98-0161FD99F80E}"
EndProject
Project("{FAE04EC0-301F-11D3-BF4B-00C04F79EFBC}") = "Laboratorio 47", "Laboratorio 47\Laboratorio 47.csproj", "{37CEA07A-89C1-4C0F-97B7-40F6A2BAF395}"
EndProject
Global
	GlobalSection(SolutionConfigurationPlatforms) = preSolution
		Debug|Any CPU = Debug|Any CPU
		Release|Any CPU = Release|Any CPU
	EndGlobalSection
	GlobalSection(ProjectConfigurationPlatforms) = postSolution
		{0874BA8B-B5F3-451A-9B98-0161FD99F80E}.Debug|Any CPU.ActiveCfg = Debug|Any CPU
		{0874BA8B-B5F3-451A-9B98-0161FD99F80E}.Debug|Any CPU.Build.0 = Debug|Any CPU
		{0874BA8B-B5F3-451A-9B98-0161FD99F80E}.Release|Any CPU.ActiveCfg = Release|Any CPU
		{0874BA8B-B5F3-451A-9B98-0161FD99F80E}.Release|Any CPU.Build.0 = Release|Any CPU
		{37CEA07A-89C1-4C0F-97B7-40F6A2BAF395}.Debug|Any CPU.ActiveCfg = Debug|Any CPU
		{37CEA07A-89C1-4C0F-97B7-40F6A2BAF395}.Debug|Any CPU.Build.0 = Debug|Any CPU
		{37CEA07A-89C1-4C0F-97B7-40F6A2BAF395}.Release|Any CPU.ActiveCfg = Release|Any CPU
		{37CEA07A-89C1-4C0F-97B7-40F6A2BAF395}.Release|Any CPU.Build.0 = Release|Any CPU
	EndGlobalSection
	GlobalSection(SolutionProperties) = preSolution
		HideSolutionNode = FALSE
	EndGlobalSection
	GlobalSection(ExtensibilityGlobals) = postSolution
		SolutionGuid = {6E32BD6D-C8E1-4D27-BD24-BDD97C450E1C}
	EndGlobalSection
EndGlobal
