
Microsoft Visual Studio Solution File, Format Version 12.00
# Visual Studio Version 17
VisualStudioVersion = 17.14.36414.22 d17.14
MinimumVisualStudioVersion = 10.0.40219.1
Project("{FAE04EC0-301F-11D3-BF4B-00C04F79EFBC}") = "Laboratorio 6", "Laboratorio 6.csproj", "{084235F4-36D1-4304-8EBC-4B29AFE9A59A}"
EndProject
Project("{FAE04EC0-301F-11D3-BF4B-00C04F79EFBC}") = "Laboratorio 6.2", "Laboratorio 6.2\Laboratorio 6.2.csproj", "{917BE148-0B12-462F-A1B6-E53993998796}"
EndProject
Global
	GlobalSection(SolutionConfigurationPlatforms) = preSolution
		Debug|Any CPU = Debug|Any CPU
		Release|Any CPU = Release|Any CPU
	EndGlobalSection
	GlobalSection(ProjectConfigurationPlatforms) = postSolution
		{084235F4-36D1-4304-8EBC-4B29AFE9A59A}.Debug|Any CPU.ActiveCfg = Debug|Any CPU
		{084235F4-36D1-4304-8EBC-4B29AFE9A59A}.Debug|Any CPU.Build.0 = Debug|Any CPU
		{084235F4-36D1-4304-8EBC-4B29AFE9A59A}.Release|Any CPU.ActiveCfg = Release|Any CPU
		{084235F4-36D1-4304-8EBC-4B29AFE9A59A}.Release|Any CPU.Build.0 = Release|Any CPU
		{917BE148-0B12-462F-A1B6-E53993998796}.Debug|Any CPU.ActiveCfg = Debug|Any CPU
		{917BE148-0B12-462F-A1B6-E53993998796}.Debug|Any CPU.Build.0 = Debug|Any CPU
		{917BE148-0B12-462F-A1B6-E53993998796}.Release|Any CPU.ActiveCfg = Release|Any CPU
		{917BE148-0B12-462F-A1B6-E53993998796}.Release|Any CPU.Build.0 = Release|Any CPU
	EndGlobalSection
	GlobalSection(SolutionProperties) = preSolution
		HideSolutionNode = FALSE
	EndGlobalSection
	GlobalSection(ExtensibilityGlobals) = postSolution
		SolutionGuid = {836B8CC4-B1C0-4325-9EBE-F2EEB65CE20F}
	EndGlobalSection
EndGlobal
