
Microsoft Visual Studio Solution File, Format Version 12.00
# Visual Studio Version 17
VisualStudioVersion = 17.11.35219.272
MinimumVisualStudioVersion = 10.0.40219.1
Project("{F184B08F-C81C-45F6-A57F-5ABD9991F28F}") = "Laboratorio 10.1", "Laboratorio 10\Laboratorio 10.1.vbproj", "{F6EEC1E3-5C6B-4552-BE92-D171CB63BB25}"
EndProject
Global
	GlobalSection(SolutionConfigurationPlatforms) = preSolution
		Debug|Any CPU = Debug|Any CPU
		Release|Any CPU = Release|Any CPU
	EndGlobalSection
	GlobalSection(ProjectConfigurationPlatforms) = postSolution
		{F6EEC1E3-5C6B-4552-BE92-D171CB63BB25}.Debug|Any CPU.ActiveCfg = Debug|Any CPU
		{F6EEC1E3-5C6B-4552-BE92-D171CB63BB25}.Debug|Any CPU.Build.0 = Debug|Any CPU
		{F6EEC1E3-5C6B-4552-BE92-D171CB63BB25}.Release|Any CPU.ActiveCfg = Release|Any CPU
		{F6EEC1E3-5C6B-4552-BE92-D171CB63BB25}.Release|Any CPU.Build.0 = Release|Any CPU
	EndGlobalSection
	GlobalSection(SolutionProperties) = preSolution
		HideSolutionNode = FALSE
	EndGlobalSection
	GlobalSection(ExtensibilityGlobals) = postSolution
		SolutionGuid = {6AD6A40F-2FCE-4D6A-AD51-F16DBE15384A}
	EndGlobalSection
EndGlobal
