
Microsoft Visual Studio Solution File, Format Version 12.00
# Visual Studio Version 17
VisualStudioVersion = 17.11.35219.272
MinimumVisualStudioVersion = 10.0.40219.1
Project("{9A19103F-16F7-4668-BE54-9A1E7A4F7556}") = "Laboratorio6", "Laboratorio6\Laboratorio6.csproj", "{5D7E7802-D15A-4473-A5E0-09626A1971EE}"
EndProject
Project("{FAE04EC0-301F-11D3-BF4B-00C04F79EFBC}") = "Laboratorio6.2", "Laboratorio6.2\Laboratorio6.2.csproj", "{38788533-2FF6-4C93-906E-159AEF6D6380}"
EndProject
Global
	GlobalSection(SolutionConfigurationPlatforms) = preSolution
		Debug|Any CPU = Debug|Any CPU
		Release|Any CPU = Release|Any CPU
	EndGlobalSection
	GlobalSection(ProjectConfigurationPlatforms) = postSolution
		{5D7E7802-D15A-4473-A5E0-09626A1971EE}.Debug|Any CPU.ActiveCfg = Debug|Any CPU
		{5D7E7802-D15A-4473-A5E0-09626A1971EE}.Debug|Any CPU.Build.0 = Debug|Any CPU
		{5D7E7802-D15A-4473-A5E0-09626A1971EE}.Release|Any CPU.ActiveCfg = Release|Any CPU
		{5D7E7802-D15A-4473-A5E0-09626A1971EE}.Release|Any CPU.Build.0 = Release|Any CPU
		{38788533-2FF6-4C93-906E-159AEF6D6380}.Debug|Any CPU.ActiveCfg = Debug|Any CPU
		{38788533-2FF6-4C93-906E-159AEF6D6380}.Debug|Any CPU.Build.0 = Debug|Any CPU
		{38788533-2FF6-4C93-906E-159AEF6D6380}.Release|Any CPU.ActiveCfg = Release|Any CPU
		{38788533-2FF6-4C93-906E-159AEF6D6380}.Release|Any CPU.Build.0 = Release|Any CPU
	EndGlobalSection
	GlobalSection(SolutionProperties) = preSolution
		HideSolutionNode = FALSE
	EndGlobalSection
	GlobalSection(ExtensibilityGlobals) = postSolution
		SolutionGuid = {EBC83079-1906-4352-A184-E751F33E5C7B}
	EndGlobalSection
EndGlobal
