
Microsoft Visual Studio Solution File, Format Version 12.00
# Visual Studio Version 17
VisualStudioVersion = 17.14.36414.22 d17.14
MinimumVisualStudioVersion = 10.0.40219.1
Project("{FAE04EC0-301F-11D3-BF4B-00C04F79EFBC}") = "Laboratorio 7", "Laboratorio 7.csproj", "{7CA300FF-FB97-4209-995E-4E1197D8DA32}"
EndProject
Project("{FAE04EC0-301F-11D3-BF4B-00C04F79EFBC}") = "Laboratorio 72", "Laboratorio 72\Laboratorio 72.csproj", "{241DE3A3-B4BB-40C4-BBAA-FBB5CCE664F8}"
EndProject
Global
	GlobalSection(SolutionConfigurationPlatforms) = preSolution
		Debug|Any CPU = Debug|Any CPU
		Release|Any CPU = Release|Any CPU
	EndGlobalSection
	GlobalSection(ProjectConfigurationPlatforms) = postSolution
		{7CA300FF-FB97-4209-995E-4E1197D8DA32}.Debug|Any CPU.ActiveCfg = Debug|Any CPU
		{7CA300FF-FB97-4209-995E-4E1197D8DA32}.Debug|Any CPU.Build.0 = Debug|Any CPU
		{7CA300FF-FB97-4209-995E-4E1197D8DA32}.Release|Any CPU.ActiveCfg = Release|Any CPU
		{7CA300FF-FB97-4209-995E-4E1197D8DA32}.Release|Any CPU.Build.0 = Release|Any CPU
		{241DE3A3-B4BB-40C4-BBAA-FBB5CCE664F8}.Debug|Any CPU.ActiveCfg = Debug|Any CPU
		{241DE3A3-B4BB-40C4-BBAA-FBB5CCE664F8}.Debug|Any CPU.Build.0 = Debug|Any CPU
		{241DE3A3-B4BB-40C4-BBAA-FBB5CCE664F8}.Release|Any CPU.ActiveCfg = Release|Any CPU
		{241DE3A3-B4BB-40C4-BBAA-FBB5CCE664F8}.Release|Any CPU.Build.0 = Release|Any CPU
	EndGlobalSection
	GlobalSection(SolutionProperties) = preSolution
		HideSolutionNode = FALSE
	EndGlobalSection
	GlobalSection(ExtensibilityGlobals) = postSolution
		SolutionGuid = {20A6ED0E-0561-4FF6-A085-8E3AC8EEAD88}
	EndGlobalSection
EndGlobal
