
Microsoft Visual Studio Solution File, Format Version 12.00
# Visual Studio Version 17
VisualStudioVersion = 17.14.36414.22
MinimumVisualStudioVersion = 10.0.40219.1
Project("{FAE04EC0-301F-11D3-BF4B-00C04F79EFBC}") = "Laboratorio 19", "Laboratorio 19\Laboratorio 19.csproj", "{87149FFF-DC76-45A9-83E7-C4A4D06178FA}"
EndProject
Project("{FAE04EC0-301F-11D3-BF4B-00C04F79EFBC}") = "Laboratorio 192", "Laboratorio 192\Laboratorio 192.csproj", "{AB80082E-B5F4-456D-89A8-37DD6DF6E3C9}"
EndProject
Project("{FAE04EC0-301F-11D3-BF4B-00C04F79EFBC}") = "Laboratorio 193", "Laboratorio 193\Laboratorio 193.csproj", "{10A9CAF9-998A-4B8A-85DE-EE67B96C7322}"
EndProject
Global
	GlobalSection(SolutionConfigurationPlatforms) = preSolution
		Debug|Any CPU = Debug|Any CPU
		Release|Any CPU = Release|Any CPU
	EndGlobalSection
	GlobalSection(ProjectConfigurationPlatforms) = postSolution
		{87149FFF-DC76-45A9-83E7-C4A4D06178FA}.Debug|Any CPU.ActiveCfg = Debug|Any CPU
		{87149FFF-DC76-45A9-83E7-C4A4D06178FA}.Debug|Any CPU.Build.0 = Debug|Any CPU
		{87149FFF-DC76-45A9-83E7-C4A4D06178FA}.Release|Any CPU.ActiveCfg = Release|Any CPU
		{87149FFF-DC76-45A9-83E7-C4A4D06178FA}.Release|Any CPU.Build.0 = Release|Any CPU
		{AB80082E-B5F4-456D-89A8-37DD6DF6E3C9}.Debug|Any CPU.ActiveCfg = Debug|Any CPU
		{AB80082E-B5F4-456D-89A8-37DD6DF6E3C9}.Debug|Any CPU.Build.0 = Debug|Any CPU
		{AB80082E-B5F4-456D-89A8-37DD6DF6E3C9}.Release|Any CPU.ActiveCfg = Release|Any CPU
		{AB80082E-B5F4-456D-89A8-37DD6DF6E3C9}.Release|Any CPU.Build.0 = Release|Any CPU
		{10A9CAF9-998A-4B8A-85DE-EE67B96C7322}.Debug|Any CPU.ActiveCfg = Debug|Any CPU
		{10A9CAF9-998A-4B8A-85DE-EE67B96C7322}.Debug|Any CPU.Build.0 = Debug|Any CPU
		{10A9CAF9-998A-4B8A-85DE-EE67B96C7322}.Release|Any CPU.ActiveCfg = Release|Any CPU
		{10A9CAF9-998A-4B8A-85DE-EE67B96C7322}.Release|Any CPU.Build.0 = Release|Any CPU
	EndGlobalSection
	GlobalSection(SolutionProperties) = preSolution
		HideSolutionNode = FALSE
	EndGlobalSection
	GlobalSection(ExtensibilityGlobals) = postSolution
		SolutionGuid = {F089D057-DEEA-45CB-965A-6AF659CB2A07}
	EndGlobalSection
EndGlobal
