
Microsoft Visual Studio Solution File, Format Version 12.00
# Visual Studio Version 17
VisualStudioVersion = 17.14.36414.22 d17.14
MinimumVisualStudioVersion = 10.0.40219.1
Project("{FAE04EC0-301F-11D3-BF4B-00C04F79EFBC}") = "Proyecto_1", "Proyecto_1.csproj", "{5CA71451-5CEE-450C-AC37-B1066C5FD48E}"
EndProject
Global
	GlobalSection(SolutionConfigurationPlatforms) = preSolution
		Debug|Any CPU = Debug|Any CPU
		Release|Any CPU = Release|Any CPU
	EndGlobalSection
	GlobalSection(ProjectConfigurationPlatforms) = postSolution
		{5CA71451-5CEE-450C-AC37-B1066C5FD48E}.Debug|Any CPU.ActiveCfg = Debug|Any CPU
		{5CA71451-5CEE-450C-AC37-B1066C5FD48E}.Debug|Any CPU.Build.0 = Debug|Any CPU
		{5CA71451-5CEE-450C-AC37-B1066C5FD48E}.Release|Any CPU.ActiveCfg = Release|Any CPU
		{5CA71451-5CEE-450C-AC37-B1066C5FD48E}.Release|Any CPU.Build.0 = Release|Any CPU
	EndGlobalSection
	GlobalSection(SolutionProperties) = preSolution
		HideSolutionNode = FALSE
	EndGlobalSection
	GlobalSection(ExtensibilityGlobals) = postSolution
		SolutionGuid = {711DAE51-6E66-49BA-99A1-934BF3823966}
	EndGlobalSection
EndGlobal
