
Microsoft Visual Studio Solution File, Format Version 12.00
# Visual Studio Version 17
VisualStudioVersion = 17.14.36414.22 d17.14
MinimumVisualStudioVersion = 10.0.40219.1
Project("{FAE04EC0-301F-11D3-BF4B-00C04F79EFBC}") = "Laboratorio 93", "Laboratorio 93.csproj", "{4C2B27E5-C9C1-4870-A04A-7E302BD2DA2F}"
EndProject
Global
	GlobalSection(SolutionConfigurationPlatforms) = preSolution
		Debug|Any CPU = Debug|Any CPU
		Release|Any CPU = Release|Any CPU
	EndGlobalSection
	GlobalSection(ProjectConfigurationPlatforms) = postSolution
		{4C2B27E5-C9C1-4870-A04A-7E302BD2DA2F}.Debug|Any CPU.ActiveCfg = Debug|Any CPU
		{4C2B27E5-C9C1-4870-A04A-7E302BD2DA2F}.Debug|Any CPU.Build.0 = Debug|Any CPU
		{4C2B27E5-C9C1-4870-A04A-7E302BD2DA2F}.Release|Any CPU.ActiveCfg = Release|Any CPU
		{4C2B27E5-C9C1-4870-A04A-7E302BD2DA2F}.Release|Any CPU.Build.0 = Release|Any CPU
	EndGlobalSection
	GlobalSection(SolutionProperties) = preSolution
		HideSolutionNode = FALSE
	EndGlobalSection
	GlobalSection(ExtensibilityGlobals) = postSolution
		SolutionGuid = {B54FFE5D-45AB-44AD-B041-D9243A819F4F}
	EndGlobalSection
EndGlobal
