
Microsoft Visual Studio Solution File, Format Version 12.00
# Visual Studio Version 17
VisualStudioVersion = 17.9.34616.47
MinimumVisualStudioVersion = 10.0.40219.1
Project("{FAE04EC0-301F-11D3-BF4B-00C04F79EFBC}") = "Laboratorio13", "Laboratorio13.csproj", "{5E43622D-84A5-4ECE-9B4C-8F7A5000E096}"
EndProject
Global
	GlobalSection(SolutionConfigurationPlatforms) = preSolution
		Debug|Any CPU = Debug|Any CPU
		Release|Any CPU = Release|Any CPU
	EndGlobalSection
	GlobalSection(ProjectConfigurationPlatforms) = postSolution
		{5E43622D-84A5-4ECE-9B4C-8F7A5000E096}.Debug|Any CPU.ActiveCfg = Debug|Any CPU
		{5E43622D-84A5-4ECE-9B4C-8F7A5000E096}.Debug|Any CPU.Build.0 = Debug|Any CPU
		{5E43622D-84A5-4ECE-9B4C-8F7A5000E096}.Release|Any CPU.ActiveCfg = Release|Any CPU
		{5E43622D-84A5-4ECE-9B4C-8F7A5000E096}.Release|Any CPU.Build.0 = Release|Any CPU
	EndGlobalSection
	GlobalSection(SolutionProperties) = preSolution
		HideSolutionNode = FALSE
	EndGlobalSection
	GlobalSection(ExtensibilityGlobals) = postSolution
		SolutionGuid = {45ADC38D-3C36-419D-970D-38C8F6180E62}
	EndGlobalSection
EndGlobal
